
Microsoft Visual Studio Solution File, Format Version 12.00
# Visual Studio Version 16
VisualStudioVersion = 16.0.29215.179
MinimumVisualStudioVersion = 10.0.40219.1
Project("{FAE04EC0-301F-11D3-BF4B-00C04F79EFBC}") = "minio-webhook", "minio-webhook\minio-webhook.csproj", "{AFEAB958-C084-4E76-9063-9E6C5E334082}"
EndProject
Global
	GlobalSection(SolutionConfigurationPlatforms) = preSolution
		Debug|Any CPU = Debug|Any CPU
		Release|Any CPU = Release|Any CPU
	EndGlobalSection
	GlobalSection(ProjectConfigurationPlatforms) = postSolution
		{AFEAB958-C084-4E76-9063-9E6C5E334082}.Debug|Any CPU.ActiveCfg = Debug|Any CPU
		{AFEAB958-C084-4E76-9063-9E6C5E334082}.Debug|Any CPU.Build.0 = Debug|Any CPU
		{AFEAB958-C084-4E76-9063-9E6C5E334082}.Release|Any CPU.ActiveCfg = Release|Any CPU
		{AFEAB958-C084-4E76-9063-9E6C5E334082}.Release|Any CPU.Build.0 = Release|Any CPU
	EndGlobalSection
	GlobalSection(SolutionProperties) = preSolution
		HideSolutionNode = FALSE
	EndGlobalSection
	GlobalSection(ExtensibilityGlobals) = postSolution
		SolutionGuid = {58D4B662-3D91-4AF2-8BD2-D00B5B58C930}
	EndGlobalSection
EndGlobal
